
Microsoft Visual Studio Solution File, Format Version 12.00
# Visual Studio Version 16
VisualStudioVersion = 16.0.31229.75
MinimumVisualStudioVersion = 10.0.40219.1
Project("{FAE04EC0-301F-11D3-BF4B-00C04F79EFBC}") = "BlazorEmailDemo", "BlazorEmailDemo\BlazorEmailDemo.csproj", "{E83CED97-5478-4CBA-927F-5D64539B1BD7}"
EndProject
Project("{2150E333-8FDC-42A3-9474-1A3956D46DE8}") = "Solution Items", "Solution Items", "{ECA30A4C-CFAB-4A45-8DDE-63D1E90C607B}"
	ProjectSection(SolutionItems) = preProject
		Notes.txt = Notes.txt
	EndProjectSection
EndProject
Global
	GlobalSection(SolutionConfigurationPlatforms) = preSolution
		Debug|Any CPU = Debug|Any CPU
		Release|Any CPU = Release|Any CPU
	EndGlobalSection
	GlobalSection(ProjectConfigurationPlatforms) = postSolution
		{E83CED97-5478-4CBA-927F-5D64539B1BD7}.Debug|Any CPU.ActiveCfg = Debug|Any CPU
		{E83CED97-5478-4CBA-927F-5D64539B1BD7}.Debug|Any CPU.Build.0 = Debug|Any CPU
		{E83CED97-5478-4CBA-927F-5D64539B1BD7}.Release|Any CPU.ActiveCfg = Release|Any CPU
		{E83CED97-5478-4CBA-927F-5D64539B1BD7}.Release|Any CPU.Build.0 = Release|Any CPU
	EndGlobalSection
	GlobalSection(SolutionProperties) = preSolution
		HideSolutionNode = FALSE
	EndGlobalSection
	GlobalSection(ExtensibilityGlobals) = postSolution
		SolutionGuid = {0B1AA5F0-EC73-4A21-88EA-13506A1613E8}
	EndGlobalSection
EndGlobal
